
Microsoft Visual Studio Solution File, Format Version 12.00
# Visual Studio 15
VisualStudioVersion = 15.0.28307.102
MinimumVisualStudioVersion = 10.0.40219.1
Project("{FAE04EC0-301F-11D3-BF4B-00C04F79EFBC}") = "WindowUI", "TKC\WindowUI.csproj", "{6F7BBCF6-6612-4BCC-B073-58025A949296}"
EndProject
Project("{FAE04EC0-301F-11D3-BF4B-00C04F79EFBC}") = "JSONReaderLibrary", "JSONReaderLibrary\JSONReaderLibrary.csproj", "{7A157F4F-61D4-451C-B35A-F42416F97DF7}"
EndProject
Global
	GlobalSection(SolutionConfigurationPlatforms) = preSolution
		Debug|Any CPU = Debug|Any CPU
		Release|Any CPU = Release|Any CPU
	EndGlobalSection
	GlobalSection(ProjectConfigurationPlatforms) = postSolution
		{6F7BBCF6-6612-4BCC-B073-58025A949296}.Debug|Any CPU.ActiveCfg = Debug|Any CPU
		{6F7BBCF6-6612-4BCC-B073-58025A949296}.Debug|Any CPU.Build.0 = Debug|Any CPU
		{6F7BBCF6-6612-4BCC-B073-58025A949296}.Release|Any CPU.ActiveCfg = Release|Any CPU
		{6F7BBCF6-6612-4BCC-B073-58025A949296}.Release|Any CPU.Build.0 = Release|Any CPU
		{7A157F4F-61D4-451C-B35A-F42416F97DF7}.Debug|Any CPU.ActiveCfg = Debug|Any CPU
		{7A157F4F-61D4-451C-B35A-F42416F97DF7}.Debug|Any CPU.Build.0 = Debug|Any CPU
		{7A157F4F-61D4-451C-B35A-F42416F97DF7}.Release|Any CPU.ActiveCfg = Release|Any CPU
		{7A157F4F-61D4-451C-B35A-F42416F97DF7}.Release|Any CPU.Build.0 = Release|Any CPU
	EndGlobalSection
	GlobalSection(SolutionProperties) = preSolution
		HideSolutionNode = FALSE
	EndGlobalSection
	GlobalSection(ExtensibilityGlobals) = postSolution
		SolutionGuid = {16C04A9B-473D-448F-ADEC-343515E0045F}
	EndGlobalSection
EndGlobal
